
Microsoft Visual Studio Solution File, Format Version 12.00
# Visual Studio Version 16
VisualStudioVersion = 16.0.29215.179
MinimumVisualStudioVersion = 10.0.40219.1
Project("{9A19103F-16F7-4668-BE54-9A1E7A4F7556}") = "BookStore.Presentation", "BookStore.Presentation\BookStore.Presentation.csproj", "{A986E9E5-3D55-47A2-B9AB-D3F9D8D1B744}"
EndProject
Project("{9A19103F-16F7-4668-BE54-9A1E7A4F7556}") = "BookStore.BusinessLogic", "BookStore.BusinessLogic\BookStore.BusinessLogic.csproj", "{A341CCA9-559B-4052-B962-D952DF1A0FB7}"
EndProject
Project("{9A19103F-16F7-4668-BE54-9A1E7A4F7556}") = "BookStore.DataAccess", "BookStore.DataAccess\BookStore.DataAccess.csproj", "{46F68AEE-47EA-4102-8320-8DE926568BF1}"
EndProject
Global
	GlobalSection(SolutionConfigurationPlatforms) = preSolution
		Debug|Any CPU = Debug|Any CPU
		Release|Any CPU = Release|Any CPU
	EndGlobalSection
	GlobalSection(ProjectConfigurationPlatforms) = postSolution
		{A986E9E5-3D55-47A2-B9AB-D3F9D8D1B744}.Debug|Any CPU.ActiveCfg = Debug|Any CPU
		{A986E9E5-3D55-47A2-B9AB-D3F9D8D1B744}.Debug|Any CPU.Build.0 = Debug|Any CPU
		{A986E9E5-3D55-47A2-B9AB-D3F9D8D1B744}.Release|Any CPU.ActiveCfg = Release|Any CPU
		{A986E9E5-3D55-47A2-B9AB-D3F9D8D1B744}.Release|Any CPU.Build.0 = Release|Any CPU
		{A341CCA9-559B-4052-B962-D952DF1A0FB7}.Debug|Any CPU.ActiveCfg = Debug|Any CPU
		{A341CCA9-559B-4052-B962-D952DF1A0FB7}.Debug|Any CPU.Build.0 = Debug|Any CPU
		{A341CCA9-559B-4052-B962-D952DF1A0FB7}.Release|Any CPU.ActiveCfg = Release|Any CPU
		{A341CCA9-559B-4052-B962-D952DF1A0FB7}.Release|Any CPU.Build.0 = Release|Any CPU
		{46F68AEE-47EA-4102-8320-8DE926568BF1}.Debug|Any CPU.ActiveCfg = Debug|Any CPU
		{46F68AEE-47EA-4102-8320-8DE926568BF1}.Debug|Any CPU.Build.0 = Debug|Any CPU
		{46F68AEE-47EA-4102-8320-8DE926568BF1}.Release|Any CPU.ActiveCfg = Release|Any CPU
		{46F68AEE-47EA-4102-8320-8DE926568BF1}.Release|Any CPU.Build.0 = Release|Any CPU
	EndGlobalSection
	GlobalSection(SolutionProperties) = preSolution
		HideSolutionNode = FALSE
	EndGlobalSection
	GlobalSection(ExtensibilityGlobals) = postSolution
		SolutionGuid = {4396F0CD-1EEF-4CA9-AE77-3EBE204B052C}
	EndGlobalSection
EndGlobal
